
Microsoft Visual Studio Solution File, Format Version 11.00
# Visual Studio 2010
Project("{FAE04EC0-301F-11D3-BF4B-00C04F79EFBC}") = "Urlicious", "Urlicious\Urlicious.csproj", "{B5B29011-FE22-461C-BD64-6CC7E927A94E}"
EndProject
Project("{FAE04EC0-301F-11D3-BF4B-00C04F79EFBC}") = "Urlicious.Specifications", "Urlicious.Specifications\Urlicious.Specifications.csproj", "{A358B130-42A2-4A96-B91D-9CC50CA9DBD7}"
EndProject
Global
	GlobalSection(SolutionConfigurationPlatforms) = preSolution
		Debug|Any CPU = Debug|Any CPU
		Debug|Mixed Platforms = Debug|Mixed Platforms
		Debug|x86 = Debug|x86
		Release|Any CPU = Release|Any CPU
		Release|Mixed Platforms = Release|Mixed Platforms
		Release|x86 = Release|x86
	EndGlobalSection
	GlobalSection(ProjectConfigurationPlatforms) = postSolution
		{B5B29011-FE22-461C-BD64-6CC7E927A94E}.Debug|Any CPU.ActiveCfg = Debug|Any CPU
		{B5B29011-FE22-461C-BD64-6CC7E927A94E}.Debug|Any CPU.Build.0 = Debug|Any CPU
		{B5B29011-FE22-461C-BD64-6CC7E927A94E}.Debug|Mixed Platforms.ActiveCfg = Debug|Any CPU
		{B5B29011-FE22-461C-BD64-6CC7E927A94E}.Debug|Mixed Platforms.Build.0 = Debug|Any CPU
		{B5B29011-FE22-461C-BD64-6CC7E927A94E}.Debug|x86.ActiveCfg = Debug|Any CPU
		{B5B29011-FE22-461C-BD64-6CC7E927A94E}.Release|Any CPU.ActiveCfg = Release|Any CPU
		{B5B29011-FE22-461C-BD64-6CC7E927A94E}.Release|Any CPU.Build.0 = Release|Any CPU
		{B5B29011-FE22-461C-BD64-6CC7E927A94E}.Release|Mixed Platforms.ActiveCfg = Release|Any CPU
		{B5B29011-FE22-461C-BD64-6CC7E927A94E}.Release|Mixed Platforms.Build.0 = Release|Any CPU
		{B5B29011-FE22-461C-BD64-6CC7E927A94E}.Release|x86.ActiveCfg = Release|Any CPU
		{A358B130-42A2-4A96-B91D-9CC50CA9DBD7}.Debug|Any CPU.ActiveCfg = Debug|Any CPU
		{A358B130-42A2-4A96-B91D-9CC50CA9DBD7}.Debug|Any CPU.Build.0 = Debug|Any CPU
		{A358B130-42A2-4A96-B91D-9CC50CA9DBD7}.Debug|Mixed Platforms.ActiveCfg = Debug|Any CPU
		{A358B130-42A2-4A96-B91D-9CC50CA9DBD7}.Debug|Mixed Platforms.Build.0 = Debug|Any CPU
		{A358B130-42A2-4A96-B91D-9CC50CA9DBD7}.Debug|x86.ActiveCfg = Debug|Any CPU
		{A358B130-42A2-4A96-B91D-9CC50CA9DBD7}.Release|Any CPU.ActiveCfg = Release|Any CPU
		{A358B130-42A2-4A96-B91D-9CC50CA9DBD7}.Release|Any CPU.Build.0 = Release|Any CPU
		{A358B130-42A2-4A96-B91D-9CC50CA9DBD7}.Release|Mixed Platforms.ActiveCfg = Release|Any CPU
		{A358B130-42A2-4A96-B91D-9CC50CA9DBD7}.Release|Mixed Platforms.Build.0 = Release|Any CPU
		{A358B130-42A2-4A96-B91D-9CC50CA9DBD7}.Release|x86.ActiveCfg = Release|Any CPU
	EndGlobalSection
	GlobalSection(SolutionProperties) = preSolution
		HideSolutionNode = FALSE
	EndGlobalSection
	GlobalSection(CodealikeProperties) = postSolution
		SolutionGuid = 19841e11-12de-4465-b75d-f26441182296
	EndGlobalSection
EndGlobal
